<Solution>
  <Folder Name="/src/">
    <Project Path="src/BareWire.SourceGeneration/BareWire.SourceGeneration.csproj" />
    <Project Path="src/BareWire/BareWire.csproj" />
  </Folder>
  <Folder Name="/tests/">
    <Project Path="tests/BareWire.SourceGeneration.Tests/BareWire.SourceGeneration.Tests.csproj" />
    <Project Path="tests/BareWire.Tests/BareWire.Tests.csproj" />
  </Folder>
</Solution>
